
Microsoft Visual Studio Solution File, Format Version 12.00
# Visual Studio 15
VisualStudioVersion = 15.0.28010.2019
MinimumVisualStudioVersion = 10.0.40219.1
Project("{F184B08F-C81C-45F6-A57F-5ABD9991F28F}") = "CitasMedicas", "CitasMedicas\CitasMedicas.vbproj", "{C51477CF-D76D-41E1-A4CA-F29F1224670F}"
EndProject
Global
	GlobalSection(SolutionConfigurationPlatforms) = preSolution
		Debug|Any CPU = Debug|Any CPU
		Release|Any CPU = Release|Any CPU
	EndGlobalSection
	GlobalSection(ProjectConfigurationPlatforms) = postSolution
		{C51477CF-D76D-41E1-A4CA-F29F1224670F}.Debug|Any CPU.ActiveCfg = Debug|Any CPU
		{C51477CF-D76D-41E1-A4CA-F29F1224670F}.Debug|Any CPU.Build.0 = Debug|Any CPU
		{C51477CF-D76D-41E1-A4CA-F29F1224670F}.Release|Any CPU.ActiveCfg = Release|Any CPU
		{C51477CF-D76D-41E1-A4CA-F29F1224670F}.Release|Any CPU.Build.0 = Release|Any CPU
	EndGlobalSection
	GlobalSection(SolutionProperties) = preSolution
		HideSolutionNode = FALSE
	EndGlobalSection
	GlobalSection(ExtensibilityGlobals) = postSolution
		SolutionGuid = {4EDC08E7-B934-4378-BB8F-BA3DDC12CDC4}
	EndGlobalSection
EndGlobal
